lockfileVersion: '9.0'

settings:
  autoInstallPeers: true
  excludeLinksFromLockfile: false

importers:

  .:
    dependencies:
      '@node-rs/crc32':
        specifier: ^1.10.6
        version: 1.10.6
      tinybench:
        specifier: ^6.0.0
        version: 6.0.0

packages:

  '@emnapi/core@1.7.1':
    resolution: {integrity: sha512-o1uhUASyo921r2XtHYOHy7gdkGLge8ghBEQHMWmyJFoXlpU58kIrhhN3w26lpQb6dspetweapMn2CSNwQ8I4wg==}

  '@emnapi/runtime@1.7.1':
    resolution: {integrity: sha512-PVtJr5CmLwYAU9PZDMITZoR5iAOShYREoR45EyyLrbntV50mdePTgUn4AmOw90Ifcj+x2kRjdzr1HP3RrNiHGA==}

  '@emnapi/wasi-threads@1.1.0':
    resolution: {integrity: sha512-WI0DdZ8xFSbgMjR1sFsKABJ/C5OnRrjT06JXbZKexJGrDuPTzZdDYfFlsgcCXCyf+suG5QU2e/y1Wo2V/OapLQ==}

  '@napi-rs/wasm-runtime@0.2.12':
    resolution: {integrity: sha512-ZVWUcfwY4E/yPitQJl481FjFo3K22D6qF0DuFH6Y/nbnE11GY5uguDxZMGXPQ8WQ0128MXQD7TnfHyK4oWoIJQ==}

  '@node-rs/crc32-android-arm-eabi@1.10.6':
    resolution: {integrity: sha512-vZAMuJXm3TpWPOkkhxdrofWDv+Q+I2oO7ucLRbXyAPmXFNDhHtBxbO1rk9Qzz+M3eep8ieS4/+jCL1Q0zacNMQ==}
    engines: {node: '>= 10'}
    cpu: [arm]
    os: [android]

  '@node-rs/crc32-android-arm64@1.10.6':
    resolution: {integrity: sha512-Vl/JbjCinCw/H9gEpZveWCMjxjcEChDcDBM8S4hKay5yyoRCUHJPuKr4sjVDBeOm+1nwU3oOm6Ca8dyblwp4/w==}
    engines: {node: '>= 10'}
    cpu: [arm64]
    os: [android]

  '@node-rs/crc32-darwin-arm64@1.10.6':
    resolution: {integrity: sha512-kARYANp5GnmsQiViA5Qu74weYQ3phOHSYQf0G+U5wB3NB5JmBHnZcOc46Ig21tTypWtdv7u63TaltJQE41noyg==}
    engines: {node: '>= 10'}
    cpu: [arm64]
    os: [darwin]

  '@node-rs/crc32-darwin-x64@1.10.6':
    resolution: {integrity: sha512-Q99bevJVMfLTISpkpKBlXgtPUItrvTWKFyiqoKH5IvscZmLV++NH4V13Pa17GTBmv9n18OwzgQY4/SRq6PQNVA==}
    engines: {node: '>= 10'}
    cpu: [x64]
    os: [darwin]

  '@node-rs/crc32-freebsd-x64@1.10.6':
    resolution: {integrity: sha512-66hpawbNjrgnS9EDMErta/lpaqOMrL6a6ee+nlI2viduVOmRZWm9Rg9XdGTK/+c4bQLdtC6jOd+Kp4EyGRYkAg==}
    engines: {node: '>= 10'}
    cpu: [x64]
    os: [freebsd]

  '@node-rs/crc32-linux-arm-gnueabihf@1.10.6':
    resolution: {integrity: sha512-E8Z0WChH7X6ankbVm8J/Yym19Cq3otx6l4NFPS6JW/cWdjv7iw+Sps2huSug+TBprjbcEA+s4TvEwfDI1KScjg==}
    engines: {node: '>= 10'}
    cpu: [arm]
    os: [linux]

  '@node-rs/crc32-linux-arm64-gnu@1.10.6':
    resolution: {integrity: sha512-LmWcfDbqAvypX0bQjQVPmQGazh4dLiVklkgHxpV4P0TcQ1DT86H/SWpMBMs/ncF8DGuCQ05cNyMv1iddUDugoQ==}
    engines: {node: '>= 10'}
    cpu: [arm64]
    os: [linux]

  '@node-rs/crc32-linux-arm64-musl@1.10.6':
    resolution: {integrity: sha512-k8ra/bmg0hwRrIEE8JL1p32WfaN9gDlUUpQRWsbxd1WhjqvXea7kKO6K4DwVxyxlPhBS9Gkb5Urq7Y4mXANzaw==}
    engines: {node: '>= 10'}
    cpu: [arm64]
    os: [linux]

  '@node-rs/crc32-linux-x64-gnu@1.10.6':
    resolution: {integrity: sha512-IfjtqcuFK7JrSZ9mlAFhb83xgium30PguvRjIMI45C3FJwu18bnLk1oR619IYb/zetQT82MObgmqfKOtgemEKw==}
    engines: {node: '>= 10'}
    cpu: [x64]
    os: [linux]

  '@node-rs/crc32-linux-x64-musl@1.10.6':
    resolution: {integrity: sha512-LbFYsA5M9pNunOweSt6uhxenYQF94v3bHDAQRPTQ3rnjn+mK6IC7YTAYoBjvoJP8lVzcvk9hRj8wp4Jyh6Y80g==}
    engines: {node: '>= 10'}
    cpu: [x64]
    os: [linux]

  '@node-rs/crc32-wasm32-wasi@1.10.6':
    resolution: {integrity: sha512-KaejdLgHMPsRaxnM+OG9L9XdWL2TabNx80HLdsCOoX9BVhEkfh39OeahBo8lBmidylKbLGMQoGfIKDjq0YMStw==}
    engines: {node: '>=14.0.0'}
    cpu: [wasm32]

  '@node-rs/crc32-win32-arm64-msvc@1.10.6':
    resolution: {integrity: sha512-x50AXiSxn5Ccn+dCjLf1T7ZpdBiV1Sp5aC+H2ijhJO4alwznvXgWbopPRVhbp2nj0i+Gb6kkDUEyU+508KAdGQ==}
    engines: {node: '>= 10'}
    cpu: [arm64]
    os: [win32]

  '@node-rs/crc32-win32-ia32-msvc@1.10.6':
    resolution: {integrity: sha512-DpDxQLaErJF9l36aghe1Mx+cOnYLKYo6qVPqPL9ukJ5rAGLtCdU0C+Zoi3gs9ySm8zmbFgazq/LvmsZYU42aBw==}
    engines: {node: '>= 10'}
    cpu: [ia32]
    os: [win32]

  '@node-rs/crc32-win32-x64-msvc@1.10.6':
    resolution: {integrity: sha512-5B1vXosIIBw1m2Rcnw62IIfH7W9s9f7H7Ma0rRuhT8HR4Xh8QCgw6NJSI2S2MCngsGktYnAhyUvs81b7efTyQw==}
    engines: {node: '>= 10'}
    cpu: [x64]
    os: [win32]

  '@node-rs/crc32@1.10.6':
    resolution: {integrity: sha512-+llXfqt+UzgoDzT9of5vPQPGqTAVCohU74I9zIBkNo5TH6s2P31DFJOGsJQKN207f0GHnYv5pV3wh3BCY/un/A==}
    engines: {node: '>= 10'}

  '@tybys/wasm-util@0.10.1':
    resolution: {integrity: sha512-9tTaPJLSiejZKx+Bmog4uSubteqTvFrVrURwkmHixBo0G4seD0zUxp98E1DzUBJxLQ3NPwXrGKDiVjwx/DpPsg==}

  tinybench@6.0.0:
    resolution: {integrity: sha512-BWlWpVbbZXaYjRV0twGLNQO00Zj4HA/sjLOQP2IvzQqGwRGp+2kh7UU3ijyJ3ywFRogYDRbiHDMrUOfaMnN56g==}
    engines: {node: '>=20.0.0'}

  tslib@2.8.1:
    resolution: {integrity: sha512-oJFu94HQb+KVduSUQL7wnpmqnfmLsOA/nAh6b6EH0wCEoK0/mPeXU6c3wKDV83MkOuHPRHtSXKKU99IBazS/2w==}

snapshots:

  '@emnapi/core@1.7.1':
    dependencies:
      '@emnapi/wasi-threads': 1.1.0
      tslib: 2.8.1
    optional: true

  '@emnapi/runtime@1.7.1':
    dependencies:
      tslib: 2.8.1
    optional: true

  '@emnapi/wasi-threads@1.1.0':
    dependencies:
      tslib: 2.8.1
    optional: true

  '@napi-rs/wasm-runtime@0.2.12':
    dependencies:
      '@emnapi/core': 1.7.1
      '@emnapi/runtime': 1.7.1
      '@tybys/wasm-util': 0.10.1
    optional: true

  '@node-rs/crc32-android-arm-eabi@1.10.6':
    optional: true

  '@node-rs/crc32-android-arm64@1.10.6':
    optional: true

  '@node-rs/crc32-darwin-arm64@1.10.6':
    optional: true

  '@node-rs/crc32-darwin-x64@1.10.6':
    optional: true

  '@node-rs/crc32-freebsd-x64@1.10.6':
    optional: true

  '@node-rs/crc32-linux-arm-gnueabihf@1.10.6':
    optional: true

  '@node-rs/crc32-linux-arm64-gnu@1.10.6':
    optional: true

  '@node-rs/crc32-linux-arm64-musl@1.10.6':
    optional: true

  '@node-rs/crc32-linux-x64-gnu@1.10.6':
    optional: true

  '@node-rs/crc32-linux-x64-musl@1.10.6':
    optional: true

  '@node-rs/crc32-wasm32-wasi@1.10.6':
    dependencies:
      '@napi-rs/wasm-runtime': 0.2.12
    optional: true

  '@node-rs/crc32-win32-arm64-msvc@1.10.6':
    optional: true

  '@node-rs/crc32-win32-ia32-msvc@1.10.6':
    optional: true

  '@node-rs/crc32-win32-x64-msvc@1.10.6':
    optional: true

  '@node-rs/crc32@1.10.6':
    optionalDependencies:
      '@node-rs/crc32-android-arm-eabi': 1.10.6
      '@node-rs/crc32-android-arm64': 1.10.6
      '@node-rs/crc32-darwin-arm64': 1.10.6
      '@node-rs/crc32-darwin-x64': 1.10.6
      '@node-rs/crc32-freebsd-x64': 1.10.6
      '@node-rs/crc32-linux-arm-gnueabihf': 1.10.6
      '@node-rs/crc32-linux-arm64-gnu': 1.10.6
      '@node-rs/crc32-linux-arm64-musl': 1.10.6
      '@node-rs/crc32-linux-x64-gnu': 1.10.6
      '@node-rs/crc32-linux-x64-musl': 1.10.6
      '@node-rs/crc32-wasm32-wasi': 1.10.6
      '@node-rs/crc32-win32-arm64-msvc': 1.10.6
      '@node-rs/crc32-win32-ia32-msvc': 1.10.6
      '@node-rs/crc32-win32-x64-msvc': 1.10.6

  '@tybys/wasm-util@0.10.1':
    dependencies:
      tslib: 2.8.1
    optional: true

  tinybench@6.0.0: {}

  tslib@2.8.1:
    optional: true
